
Microsoft Visual Studio Solution File, Format Version 12.00
# Visual Studio Version 16
VisualStudioVersion = 16.0.31025.194
MinimumVisualStudioVersion = 10.0.40219.1
Project("{FAE04EC0-301F-11D3-BF4B-00C04F79EFBC}") = "MovieDatabaseWebApp", "MovieDatabaseWebApp.csproj", "{34409318-C206-4D0D-A512-C35636A9ACF7}"
EndProject
Global
	GlobalSection(SolutionConfigurationPlatforms) = preSolution
		Debug|Any CPU = Debug|Any CPU
		Release|Any CPU = Release|Any CPU
	EndGlobalSection
	GlobalSection(ProjectConfigurationPlatforms) = postSolution
		{34409318-C206-4D0D-A512-C35636A9ACF7}.Debug|Any CPU.ActiveCfg = Debug|Any CPU
		{34409318-C206-4D0D-A512-C35636A9ACF7}.Debug|Any CPU.Build.0 = Debug|Any CPU
		{34409318-C206-4D0D-A512-C35636A9ACF7}.Release|Any CPU.ActiveCfg = Release|Any CPU
		{34409318-C206-4D0D-A512-C35636A9ACF7}.Release|Any CPU.Build.0 = Release|Any CPU
	EndGlobalSection
	GlobalSection(SolutionProperties) = preSolution
		HideSolutionNode = FALSE
	EndGlobalSection
	GlobalSection(ExtensibilityGlobals) = postSolution
		SolutionGuid = {54E7BD23-7508-4F2C-80CD-8DB6DC139550}
	EndGlobalSection
EndGlobal
